
Microsoft Visual Studio Solution File, Format Version 12.00
# Visual Studio Version 16
VisualStudioVersion = 16.0.30413.136
MinimumVisualStudioVersion = 10.0.40219.1
Project("{FAE04EC0-301F-11D3-BF4B-00C04F79EFBC}") = "Microsoft.AspNetCore.DataProtection.CSRedis", "Microsoft.AspNetCore.DataProtection.CSRedis\Microsoft.AspNetCore.DataProtection.CSRedis.csproj", "{4A653F49-F359-41C2-B7A2-37AC4B28C951}"
EndProject
Global
	GlobalSection(SolutionConfigurationPlatforms) = preSolution
		Debug|Any CPU = Debug|Any CPU
		Release|Any CPU = Release|Any CPU
	EndGlobalSection
	GlobalSection(ProjectConfigurationPlatforms) = postSolution
		{4A653F49-F359-41C2-B7A2-37AC4B28C951}.Debug|Any CPU.ActiveCfg = Debug|Any CPU
		{4A653F49-F359-41C2-B7A2-37AC4B28C951}.Debug|Any CPU.Build.0 = Debug|Any CPU
		{4A653F49-F359-41C2-B7A2-37AC4B28C951}.Release|Any CPU.ActiveCfg = Release|Any CPU
		{4A653F49-F359-41C2-B7A2-37AC4B28C951}.Release|Any CPU.Build.0 = Release|Any CPU
	EndGlobalSection
	GlobalSection(SolutionProperties) = preSolution
		HideSolutionNode = FALSE
	EndGlobalSection
	GlobalSection(ExtensibilityGlobals) = postSolution
		SolutionGuid = {5C2BCDC1-B563-4615-8CDA-874974320EEA}
	EndGlobalSection
EndGlobal
